
Microsoft Visual Studio Solution File, Format Version 12.00
# Visual Studio 15
VisualStudioVersion = 15.0.27130.2027
MinimumVisualStudioVersion = 10.0.40219.1
Project("{FAE04EC0-301F-11D3-BF4B-00C04F79EFBC}") = "RestAPItest", "RestAPItest\RestAPItest.csproj", "{753DE28A-8807-4E4E-AEAE-5974F56259E0}"
EndProject
Project("{FAE04EC0-301F-11D3-BF4B-00C04F79EFBC}") = "APIClient", "APIClient\APIClient.csproj", "{8FEF4003-FB8E-4CC3-8EA9-E1893562D829}"
EndProject
Global
	GlobalSection(SolutionConfigurationPlatforms) = preSolution
		Debug|Any CPU = Debug|Any CPU
		Release|Any CPU = Release|Any CPU
	EndGlobalSection
	GlobalSection(ProjectConfigurationPlatforms) = postSolution
		{753DE28A-8807-4E4E-AEAE-5974F56259E0}.Debug|Any CPU.ActiveCfg = Debug|Any CPU
		{753DE28A-8807-4E4E-AEAE-5974F56259E0}.Debug|Any CPU.Build.0 = Debug|Any CPU
		{753DE28A-8807-4E4E-AEAE-5974F56259E0}.Release|Any CPU.ActiveCfg = Release|Any CPU
		{753DE28A-8807-4E4E-AEAE-5974F56259E0}.Release|Any CPU.Build.0 = Release|Any CPU
		{8FEF4003-FB8E-4CC3-8EA9-E1893562D829}.Debug|Any CPU.ActiveCfg = Debug|Any CPU
		{8FEF4003-FB8E-4CC3-8EA9-E1893562D829}.Debug|Any CPU.Build.0 = Debug|Any CPU
		{8FEF4003-FB8E-4CC3-8EA9-E1893562D829}.Release|Any CPU.ActiveCfg = Release|Any CPU
		{8FEF4003-FB8E-4CC3-8EA9-E1893562D829}.Release|Any CPU.Build.0 = Release|Any CPU
	EndGlobalSection
	GlobalSection(SolutionProperties) = preSolution
		HideSolutionNode = FALSE
	EndGlobalSection
	GlobalSection(ExtensibilityGlobals) = postSolution
		SolutionGuid = {89164A2F-8910-42C1-9921-B85065A47756}
	EndGlobalSection
EndGlobal
